{
  "pins" : [
    {
      "identity" : "swisspasssdk-ios",
      "kind" : "remoteSourceControl",
      "location" : "https://github.com/SchweizerischeBundesbahnen/SwissPassSDK-iOS.git",
      "state" : {
        "revision" : "14158b67c8722409d1a47f03516cba3612142a3e",
        "version" : "4.1.0"
      }
    }
  ],
  "version" : 2
}
